
Microsoft Visual Studio Solution File, Format Version 12.00
# Visual Studio Version 16
VisualStudioVersion = 16.0.34931.43
MinimumVisualStudioVersion = 10.0.40219.1
Project("{FAE04EC0-301F-11D3-BF4B-00C04F79EFBC}") = "pd3", "pd3.csproj", "{B03DEF23-B348-4F5F-BE19-46339631A3DE}"
EndProject
Global
	GlobalSection(SolutionConfigurationPlatforms) = preSolution
		Debug|Any CPU = Debug|Any CPU
		Release|Any CPU = Release|Any CPU
	EndGlobalSection
	GlobalSection(ProjectConfigurationPlatforms) = postSolution
		{B03DEF23-B348-4F5F-BE19-46339631A3DE}.Debug|Any CPU.ActiveCfg = Debug|Any CPU
		{B03DEF23-B348-4F5F-BE19-46339631A3DE}.Debug|Any CPU.Build.0 = Debug|Any CPU
		{B03DEF23-B348-4F5F-BE19-46339631A3DE}.Release|Any CPU.ActiveCfg = Release|Any CPU
		{B03DEF23-B348-4F5F-BE19-46339631A3DE}.Release|Any CPU.Build.0 = Release|Any CPU
	EndGlobalSection
	GlobalSection(SolutionProperties) = preSolution
		HideSolutionNode = FALSE
	EndGlobalSection
	GlobalSection(ExtensibilityGlobals) = postSolution
		SolutionGuid = {433360B1-8BEC-4E04-A2D0-FE4ABA198AE4}
	EndGlobalSection
EndGlobal
